
Microsoft Visual Studio Solution File, Format Version 12.00
# Visual Studio 2013
VisualStudioVersion = 12.0.31101.0
MinimumVisualStudioVersion = 10.0.40219.1
Project("{FAE04EC0-301F-11D3-BF4B-00C04F79EFBC}") = "AzureResourceConnector", "AzureResourceConnector\AzureResourceConnector.csproj", "{7ED2481B-25D4-4257-84D1-AE7A49279EF9}"
EndProject
Project("{2150E333-8FDC-42A3-9474-1A3956D46DE8}") = ".nuget", ".nuget", "{F9F0A362-C13D-488E-9CC2-16C714F5A9EA}"
	ProjectSection(SolutionItems) = preProject
		.nuget\packages.config = .nuget\packages.config
	EndProjectSection
EndProject
Global
	GlobalSection(SolutionConfigurationPlatforms) = preSolution
		Debug|Any CPU = Debug|Any CPU
		Release|Any CPU = Release|Any CPU
	EndGlobalSection
	GlobalSection(ProjectConfigurationPlatforms) = postSolution
		{7ED2481B-25D4-4257-84D1-AE7A49279EF9}.Debug|Any CPU.ActiveCfg = Debug|Any CPU
		{7ED2481B-25D4-4257-84D1-AE7A49279EF9}.Debug|Any CPU.Build.0 = Debug|Any CPU
		{7ED2481B-25D4-4257-84D1-AE7A49279EF9}.Release|Any CPU.ActiveCfg = Release|Any CPU
		{7ED2481B-25D4-4257-84D1-AE7A49279EF9}.Release|Any CPU.Build.0 = Release|Any CPU
	EndGlobalSection
	GlobalSection(SolutionProperties) = preSolution
		HideSolutionNode = FALSE
	EndGlobalSection
EndGlobal
